<?xml version="1.0" encoding="utf-8"?>
<Project ToolsVersion="4.0" xmlns="http://schemas.microsoft.com/developer/msbuild/2003">
  <ItemGroup>
    <Filter Include="Source Files">
      <UniqueIdentifier>{4FC737F1-C7A5-4376-A066-2A32D752A2FF}</UniqueIdentifier>
      <Extensions>cpp;c;cc;cxx;c++;cppm;ixx;def;odl;idl;hpj;bat;asm;asmx</Extensions>
    </Filter>
    <Filter Include="Header Files">
      <UniqueIdentifier>{93995380-89BD-4b04-88EB-625FBE52EBFB}</UniqueIdentifier>
      <Extensions>h;hh;hpp;hxx;h++;hm;inl;inc;ipp;xsd</Extensions>
    </Filter>
    <Filter Include="Resource Files">
      <UniqueIdentifier>{67DA6AB6-F800-4c08-8B7A-83BB121AAD01}</UniqueIdentifier>
      <Extensions>rc;ico;cur;bmp;dlg;rc2;rct;bin;rgs;gif;jpg;jpeg;jpe;resx;tiff;tif;png;wav;mfcribbon-ms</Extensions>
    </Filter>
    <Filter Include="Source Files\GZCOM">
      <UniqueIdentifier>{634b96ad-93c3-4d7e-81f2-492a2d0f96d0}</UniqueIdentifier>
    </Filter>
    <Filter Include="Source Files\EASTL">
      <UniqueIdentifier>{e6636fd3-168e-425b-a128-09d78c7839a3}</UniqueIdentifier>
    </Filter>
    <Filter Include="Header Files\GZCOM">
      <UniqueIdentifier>{55969e5e-2491-4049-8687-619fc7c065a7}</UniqueIdentifier>
    </Filter>
    <Filter Include="Header Files\Public Headers">
      <UniqueIdentifier>{13e8318c-dc42-47e8-a043-f82b0dafa3d5}</UniqueIdentifier>
    </Filter>
    <Filter Include="Header Files\MoreBuildingStyles">
      <UniqueIdentifier>{391f3b64-90cc-432c-b732-2822fed6a4e7}</UniqueIdentifier>
    </Filter>
    <Filter Include="Header Files\Data Providers">
      <UniqueIdentifier>{1c679b13-9a58-4d2b-8c72-79fd25b2481f}</UniqueIdentifier>
    </Filter>
    <Filter Include="Header Files\Data Providers\Query Handlers">
      <UniqueIdentifier>{574fb522-397f-48a5-be67-6e2623c3938d}</UniqueIdentifier>
    </Filter>
    <Filter Include="Source Files\Data Providers">
      <UniqueIdentifier>{2a6e3443-9bd4-4727-a49e-aece63029b2e}</UniqueIdentifier>
    </Filter>
    <Filter Include="Source Files\Data Providers\Query Handlers">
      <UniqueIdentifier>{b21bb0e7-b792-4fb3-ac30-2a07a8bc3a47}</UniqueIdentifier>
    </Filter>
  </ItemGroup>
  <ItemGroup>
    <ClCompile Include="Logger.cpp">
      <Filter>Source Files</Filter>
    </ClCompile>
    <ClCompile Include="..\vendor\gzcom-dll\src\cRZBaseString.cpp">
      <Filter>Source Files\GZCOM</Filter>
    </ClCompile>
    <ClCompile Include="..\vendor\gzcom-dll\src\cRZBaseVariant.cpp">
      <Filter>Source Files\GZCOM</Filter>
    </ClCompile>
    <ClCompile Include="..\vendor\gzcom-dll\src\cRZCOMDllDirector.cpp">
      <Filter>Source Files\GZCOM</Filter>
    </ClCompile>
    <ClCompile Include="..\vendor\gzcom-dll\src\cRZMessage2.cpp">
      <Filter>Source Files\GZCOM</Filter>
    </ClCompile>
    <ClCompile Include="..\vendor\gzcom-dll\src\cRZMessage2Standard.cpp">
      <Filter>Source Files\GZCOM</Filter>
    </ClCompile>
    <ClCompile Include="..\vendor\gzcom-dll\src\cS3DVector3.cpp">
      <Filter>Source Files\GZCOM</Filter>
    </ClCompile>
    <ClCompile Include="..\vendor\gzcom-dll\src\cSCBaseProperty.cpp">
      <Filter>Source Files\GZCOM</Filter>
    </ClCompile>
    <ClCompile Include="..\vendor\gzcom-dll\src\EASTLAllocatorSC4.cpp">
      <Filter>Source Files\GZCOM</Filter>
    </ClCompile>
    <ClCompile Include="..\vendor\gzcom-dll\src\StringResourceManager.cpp">
      <Filter>Source Files\GZCOM</Filter>
    </ClCompile>
    <ClCompile Include="..\vendor\EASTL\source\assert.cpp">
      <Filter>Source Files\EASTL</Filter>
    </ClCompile>
    <ClCompile Include="..\vendor\EASTL\source\atomic.cpp">
      <Filter>Source Files\EASTL</Filter>
    </ClCompile>
    <ClCompile Include="..\vendor\EASTL\source\fixed_pool.cpp">
      <Filter>Source Files\EASTL</Filter>
    </ClCompile>
    <ClCompile Include="..\vendor\EASTL\source\hashtable.cpp">
      <Filter>Source Files\EASTL</Filter>
    </ClCompile>
    <ClCompile Include="..\vendor\EASTL\source\intrusive_list.cpp">
      <Filter>Source Files\EASTL</Filter>
    </ClCompile>
    <ClCompile Include="..\vendor\EASTL\source\numeric_limits.cpp">
      <Filter>Source Files\EASTL</Filter>
    </ClCompile>
    <ClCompile Include="..\vendor\EASTL\source\red_black_tree.cpp">
      <Filter>Source Files\EASTL</Filter>
    </ClCompile>
    <ClCompile Include="..\vendor\EASTL\source\string.cpp">
      <Filter>Source Files\EASTL</Filter>
    </ClCompile>
    <ClCompile Include="..\vendor\EASTL\source\thread_support.cpp">
      <Filter>Source Files\EASTL</Filter>
    </ClCompile>
    <ClCompile Include="..\vendor\gzcom-dll\src\SC4UI.cpp">
      <Filter>Source Files\GZCOM</Filter>
    </ClCompile>
    <ClCompile Include="..\vendor\gzcom-dll\src\SCPropertyUtil.cpp">
      <Filter>Source Files\GZCOM</Filter>
    </ClCompile>
    <ClCompile Include="FileSystem.cpp">
      <Filter>Source Files</Filter>
    </ClCompile>
    <ClCompile Include="SC4VersionDetection.cpp">
      <Filter>Source Files</Filter>
    </ClCompile>
    <ClCompile Include="BuildingQueryHookServer.cpp">
      <Filter>Source Files</Filter>
    </ClCompile>
    <ClCompile Include="BuildingQueryHooks.cpp">
      <Filter>Source Files</Filter>
    </ClCompile>
    <ClCompile Include="DebugUtil.cpp">
      <Filter>Source Files</Filter>
    </ClCompile>
    <ClCompile Include="Patcher.cpp">
      <Filter>Source Files</Filter>
    </ClCompile>
    <ClCompile Include="NetworkQueryHooks.cpp">
      <Filter>Source Files</Filter>
    </ClCompile>
    <ClCompile Include="NetworkQueryToolTipHookServer.cpp">
      <Filter>Source Files</Filter>
    </ClCompile>
    <ClCompile Include="QueryToolHelpers.cpp">
      <Filter>Source Files</Filter>
    </ClCompile>
    <ClCompile Include="GZStringUtil.cpp">
      <Filter>Source Files</Filter>
    </ClCompile>
    <ClCompile Include="Settings.cpp">
      <Filter>Source Files</Filter>
    </ClCompile>
    <ClCompile Include="OccupantUtil.cpp">
      <Filter>Source Files</Filter>
    </ClCompile>
    <ClCompile Include="ClickToCopyOccupantFilter.cpp">
      <Filter>Source Files</Filter>
    </ClCompile>
    <ClCompile Include="..\vendor\gzcom-dll\src\cSC4BaseOccupantFilter.cpp">
      <Filter>Source Files\GZCOM</Filter>
    </ClCompile>
    <ClCompile Include="..\vendor\gzcom-dll\src\cRZBaseUnknown.cpp">
      <Filter>Source Files\GZCOM</Filter>
    </ClCompile>
    <ClCompile Include="FloraQueryHooks.cpp">
      <Filter>Source Files</Filter>
    </ClCompile>
    <ClCompile Include="FloraQueryToolTipHookServer.cpp">
      <Filter>Source Files</Filter>
    </ClCompile>
    <ClCompile Include="PropertyUtil.cpp">
      <Filter>Source Files</Filter>
    </ClCompile>
    <ClCompile Include="PropQueryHooks.cpp">
      <Filter>Source Files</Filter>
    </ClCompile>
    <ClCompile Include="PropQueryToolTipHookServer.cpp">
      <Filter>Source Files</Filter>
    </ClCompile>
    <ClCompile Include="QueryUIHooksDllDirector.cpp">
      <Filter>Source Files</Filter>
    </ClCompile>
    <ClCompile Include="TerrainQueryHooks.cpp">
      <Filter>Source Files</Filter>
    </ClCompile>
    <ClCompile Include="..\vendor\gzcom-dll\src\cS3DVector2.cpp">
      <Filter>Source Files\GZCOM</Filter>
    </ClCompile>
    <ClCompile Include="data-providers\query-tooltip-handlers\FloraQueryToolTipHandler.cpp">
      <Filter>Source Files\Data Providers\Query Handlers</Filter>
    </ClCompile>
    <ClCompile Include="data-providers\query-tooltip-handlers\NetworkQueryToolTipHandler.cpp">
      <Filter>Source Files\Data Providers\Query Handlers</Filter>
    </ClCompile>
    <ClCompile Include="data-providers\query-tooltip-handlers\PropQueryToolTipHandler.cpp">
      <Filter>Source Files\Data Providers\Query Handlers</Filter>
    </ClCompile>
    <ClCompile Include="data-providers\query-tooltip-handlers\QueryToolTipHandlerBase.cpp">
      <Filter>Source Files\Data Providers\Query Handlers</Filter>
    </ClCompile>
    <ClCompile Include="data-providers\BuildingQueryVariablesProvider.cpp">
      <Filter>Source Files\Data Providers</Filter>
    </ClCompile>
    <ClCompile Include="data-providers\QueryToolTipProvider.cpp">
      <Filter>Source Files\Data Providers</Filter>
    </ClCompile>
    <ClCompile Include="data-providers\DataProviderBase.cpp">
      <Filter>Source Files\Data Providers</Filter>
    </ClCompile>
  </ItemGroup>
  <ItemGroup>
    <ClInclude Include="Logger.h">
      <Filter>Header Files</Filter>
    </ClInclude>
    <ClInclude Include="version.h">
      <Filter>Header Files</Filter>
    </ClInclude>
    <ClInclude Include="..\vendor\gzcom-dll\include\StringResourceKey.h">
      <Filter>Header Files\GZCOM</Filter>
    </ClInclude>
    <ClInclude Include="..\vendor\gzcom-dll\include\StringResourceManager.h">
      <Filter>Header Files\GZCOM</Filter>
    </ClInclude>
    <ClInclude Include="..\vendor\gzcom-dll\include\cISC4App.h">
      <Filter>Header Files\GZCOM</Filter>
    </ClInclude>
    <ClInclude Include="..\vendor\gzcom-dll\include\cIGZPersistDBRecord.h">
      <Filter>Header Files\GZCOM</Filter>
    </ClInclude>
    <ClInclude Include="..\vendor\gzcom-dll\include\cGZPersistResourceKey.h">
      <Filter>Header Files\GZCOM</Filter>
    </ClInclude>
    <ClInclude Include="..\vendor\gzcom-dll\include\cIGZPersistResourceManager.h">
      <Filter>Header Files\GZCOM</Filter>
    </ClInclude>
    <ClInclude Include="..\vendor\gzcom-dll\include\cIGZPersistResource.h">
      <Filter>Header Files\GZCOM</Filter>
    </ClInclude>
    <ClInclude Include="..\vendor\gzcom-dll\include\cIGZPersistResourceFactory.h">
      <Filter>Header Files\GZCOM</Filter>
    </ClInclude>
    <ClInclude Include="..\vendor\gzcom-dll\include\SCPropertyUtil.h">
      <Filter>Header Files\GZCOM</Filter>
    </ClInclude>
    <ClInclude Include="..\vendor\gzcom-dll\include\cRZCOMDllDirector.h">
      <Filter>Header Files\GZCOM</Filter>
    </ClInclude>
    <ClInclude Include="FileSystem.h">
      <Filter>Header Files</Filter>
    </ClInclude>
    <ClInclude Include="public\include\cIBuildingQueryDialogHookTarget.h">
      <Filter>Header Files\Public Headers</Filter>
    </ClInclude>
    <ClInclude Include="SC4VersionDetection.h">
      <Filter>Header Files</Filter>
    </ClInclude>
    <ClInclude Include="BuildingQueryHookServer.h">
      <Filter>Header Files</Filter>
    </ClInclude>
    <ClInclude Include="public\include\cIBuildingQueryHookServer.h">
      <Filter>Header Files\Public Headers</Filter>
    </ClInclude>
    <ClInclude Include="BuildingQueryHooks.h">
      <Filter>Header Files</Filter>
    </ClInclude>
    <ClInclude Include="DebugUtil.h">
      <Filter>Header Files</Filter>
    </ClInclude>
    <ClInclude Include="public\include\cIBuildingQueryCustomToolTipHookTarget.h">
      <Filter>Header Files\Public Headers</Filter>
    </ClInclude>
    <ClInclude Include="Patcher.h">
      <Filter>Header Files</Filter>
    </ClInclude>
    <ClInclude Include="GlobalHookServerPointers.h">
      <Filter>Header Files</Filter>
    </ClInclude>
    <ClInclude Include="..\vendor\gzcom-dll\include\cISCStringDetokenizer.h">
      <Filter>Header Files\GZCOM</Filter>
    </ClInclude>
    <ClInclude Include="public\include\cINetworkQueryToolTipHookServer.h">
      <Filter>Header Files\Public Headers</Filter>
    </ClInclude>
    <ClInclude Include="public\include\cINetworkQueryCustomToolTipHookTarget.h">
      <Filter>Header Files\Public Headers</Filter>
    </ClInclude>
    <ClInclude Include="NetworkQueryHooks.h">
      <Filter>Header Files</Filter>
    </ClInclude>
    <ClInclude Include="NetworkQueryToolTipHookServer.h">
      <Filter>Header Files</Filter>
    </ClInclude>
    <ClInclude Include="QueryToolHelpers.h">
      <Filter>Header Files</Filter>
    </ClInclude>
    <ClInclude Include="GZStringUtil.h">
      <Filter>Header Files</Filter>
    </ClInclude>
    <ClInclude Include="..\vendor\gzcom-dll\include\cISC4Occupant.h">
      <Filter>Header Files\GZCOM</Filter>
    </ClInclude>
    <ClInclude Include="..\vendor\gzcom-dll\include\cISC4NetworkOccupant.h">
      <Filter>Header Files\GZCOM</Filter>
    </ClInclude>
    <ClInclude Include="public\include\cIQueryToolTipAppendTextHookTarget.h">
      <Filter>Header Files\Public Headers</Filter>
    </ClInclude>
    <ClInclude Include="..\vendor\gzcom-dll\include\cISC4LotManager.h">
      <Filter>Header Files\GZCOM</Filter>
    </ClInclude>
    <ClInclude Include="..\vendor\gzcom-dll\include\cISC4BuildingDevelopmentSimulator.h">
      <Filter>Header Files\GZCOM</Filter>
    </ClInclude>
    <ClInclude Include="..\vendor\gzcom-dll\include\cSC4EdgeConnectionStore.h">
      <Filter>Header Files\GZCOM</Filter>
    </ClInclude>
    <ClInclude Include="Settings.h">
      <Filter>Header Files</Filter>
    </ClInclude>
    <ClInclude Include="ISettings.h">
      <Filter>Header Files</Filter>
    </ClInclude>
    <ClInclude Include="OccupantUtil.h">
      <Filter>Header Files</Filter>
    </ClInclude>
    <ClInclude Include="more-building-styles\cIBuildingStyleInfo2.h">
      <Filter>Header Files\MoreBuildingStyles</Filter>
    </ClInclude>
    <ClInclude Include="..\vendor\gzcom-dll\include\cIS3DModelInstance.h">
      <Filter>Header Files\GZCOM</Filter>
    </ClInclude>
    <ClInclude Include="..\vendor\gzcom-dll\include\cSC4BaseOccupantFilter.h">
      <Filter>Header Files\GZCOM</Filter>
    </ClInclude>
    <ClInclude Include="..\vendor\gzcom-dll\include\cRZBaseUnknown.h">
      <Filter>Header Files\GZCOM</Filter>
    </ClInclude>
    <ClInclude Include="ClickToCopyOccupantFilter.h">
      <Filter>Header Files</Filter>
    </ClInclude>
    <ClInclude Include="FloraQueryHooks.h">
      <Filter>Header Files</Filter>
    </ClInclude>
    <ClInclude Include="FloraQueryToolTipHookServer.h">
      <Filter>Header Files</Filter>
    </ClInclude>
    <ClInclude Include="PropertyUtil.h">
      <Filter>Header Files</Filter>
    </ClInclude>
    <ClInclude Include="public\include\cIPropQueryCustomToolTipHookTarget.h">
      <Filter>Header Files\Public Headers</Filter>
    </ClInclude>
    <ClInclude Include="public\include\cIPropQueryToolTipHookServer.h">
      <Filter>Header Files\Public Headers</Filter>
    </ClInclude>
    <ClInclude Include="public\include\cIFloraQueryCustomToolTipHookTarget.h">
      <Filter>Header Files\Public Headers</Filter>
    </ClInclude>
    <ClInclude Include="public\include\cIFloraQueryToolTipHookServer.h">
      <Filter>Header Files\Public Headers</Filter>
    </ClInclude>
    <ClInclude Include="PropQueryHooks.h">
      <Filter>Header Files</Filter>
    </ClInclude>
    <ClInclude Include="PropQueryToolTipHookServer.h">
      <Filter>Header Files</Filter>
    </ClInclude>
    <ClInclude Include="TerrainQueryHooks.h">
      <Filter>Header Files</Filter>
    </ClInclude>
    <ClInclude Include="GlobalSC4InterfacePointers.h">
      <Filter>Header Files</Filter>
    </ClInclude>
    <ClInclude Include="..\vendor\gzcom-dll\include\cISC4WeatherSimulator.h">
      <Filter>Header Files\GZCOM</Filter>
    </ClInclude>
    <ClInclude Include="data-providers\query-tooltip-handlers\FloraQueryToolTipHandler.h">
      <Filter>Header Files\Data Providers\Query Handlers</Filter>
    </ClInclude>
    <ClInclude Include="data-providers\query-tooltip-handlers\NetworkQueryToolTipHandler.h">
      <Filter>Header Files\Data Providers\Query Handlers</Filter>
    </ClInclude>
    <ClInclude Include="data-providers\query-tooltip-handlers\PropQueryToolTipHandler.h">
      <Filter>Header Files\Data Providers\Query Handlers</Filter>
    </ClInclude>
    <ClInclude Include="data-providers\query-tooltip-handlers\QueryToolTipHandlerBase.h">
      <Filter>Header Files\Data Providers\Query Handlers</Filter>
    </ClInclude>
    <ClInclude Include="data-providers\QueryToolTipProvider.h">
      <Filter>Header Files\Data Providers</Filter>
    </ClInclude>
    <ClInclude Include="data-providers\BuildingQueryVariablesProvider.h">
      <Filter>Header Files\Data Providers</Filter>
    </ClInclude>
    <ClInclude Include="data-providers\DataProviderBase.h">
      <Filter>Header Files\Data Providers</Filter>
    </ClInclude>
  </ItemGroup>
  <ItemGroup>
    <None Include=".editorconfig" />
    <None Include="vcpkg.json" />
  </ItemGroup>
  <ItemGroup>
    <ResourceCompile Include="version.rc">
      <Filter>Resource Files</Filter>
    </ResourceCompile>
  </ItemGroup>
</Project>